
Microsoft Visual Studio Solution File, Format Version 12.00
# Visual Studio Version 17
VisualStudioVersion = 17.5.33318.248
MinimumVisualStudioVersion = 10.0.40219.1
Project("{FAE04EC0-301F-11D3-BF4B-00C04F79EFBC}") = "MLtest", "MLtest\MLtest.csproj", "{EC9AF230-1D56-4DDC-B7A9-30054B4E47F0}"
EndProject
Global
	GlobalSection(SolutionConfigurationPlatforms) = preSolution
		Debug|Any CPU = Debug|Any CPU
		Release|Any CPU = Release|Any CPU
	EndGlobalSection
	GlobalSection(ProjectConfigurationPlatforms) = postSolution
		{EC9AF230-1D56-4DDC-B7A9-30054B4E47F0}.Debug|Any CPU.ActiveCfg = Debug|Any CPU
		{EC9AF230-1D56-4DDC-B7A9-30054B4E47F0}.Debug|Any CPU.Build.0 = Debug|Any CPU
		{EC9AF230-1D56-4DDC-B7A9-30054B4E47F0}.Release|Any CPU.ActiveCfg = Release|Any CPU
		{EC9AF230-1D56-4DDC-B7A9-30054B4E47F0}.Release|Any CPU.Build.0 = Release|Any CPU
	EndGlobalSection
	GlobalSection(SolutionProperties) = preSolution
		HideSolutionNode = FALSE
	EndGlobalSection
	GlobalSection(ExtensibilityGlobals) = postSolution
		SolutionGuid = {E0D02D50-00CE-4DDB-A5B6-EEC7ED5A8D99}
	EndGlobalSection
EndGlobal
